
Microsoft Visual Studio Solution File, Format Version 12.00
# Visual Studio Version 17
VisualStudioVersion = 17.6.33723.286
MinimumVisualStudioVersion = 10.0.40219.1
Project("{FAE04EC0-301F-11D3-BF4B-00C04F79EFBC}") = "LibraryFrameworkDifferentialEquations9nov2023", "LibraryFrameworkDifferentialEquations9nov2023\LibraryFrameworkDifferentialEquations9nov2023.csproj", "{475679E7-E7CA-4195-ACAD-5AD1223792D4}"
EndProject
Project("{FAE04EC0-301F-11D3-BF4B-00C04F79EFBC}") = "LibraryFrameworkDifferentialEquationKepler9nov2023", "LibraryFrameworkDifferentialEquationKepler9nov2023\LibraryFrameworkDifferentialEquationKepler9nov2023.csproj", "{5C34601A-62D8-4793-8F9C-F8832E11ED5E}"
EndProject
Project("{FAE04EC0-301F-11D3-BF4B-00C04F79EFBC}") = "LibraryFrameworkDifferentialEquationDog9nov2023", "LibraryFrameworkDifferentialEquationDog9nov2023\LibraryFrameworkDifferentialEquationDog9nov2023.csproj", "{586CEF3D-F6B2-4661-A904-5DF2645FB22D}"
EndProject
Project("{FAE04EC0-301F-11D3-BF4B-00C04F79EFBC}") = "WindowsFormsFrameworkKepler9nov2023", "WindowsFormsFrameworkKepler9nov2023\WindowsFormsFrameworkKepler9nov2023.csproj", "{7D2C2233-C066-4A27-9B17-89E82C789FF2}"
EndProject
Project("{FAE04EC0-301F-11D3-BF4B-00C04F79EFBC}") = "WindowsFormsFrameworkDogTextBox10nov2023", "WindowsFormsFrameworkDogTextBox10nov2023\WindowsFormsFrameworkDogTextBox10nov2023.csproj", "{D62562E5-DE7D-4E59-BD37-D690772CFF80}"
EndProject
Project("{9A19103F-16F7-4668-BE54-9A1E7A4F7556}") = "ConsoleBalspel11nov2023", "ConsoleBalspel11nov2023\ConsoleBalspel11nov2023.csproj", "{4DB47A8C-774E-4B0B-B625-9BB1724189D0}"
EndProject
Project("{9A19103F-16F7-4668-BE54-9A1E7A4F7556}") = "ConsoleBookmarkManager11nov2023", "ConsoleBookmarkManager11nov2023\ConsoleBookmarkManager11nov2023.csproj", "{32D6C6A3-C9C5-4E42-8B9A-B0FF3EBED3D7}"
EndProject
Project("{9A19103F-16F7-4668-BE54-9A1E7A4F7556}") = "ConsoleBookmarkHidden11nov2023", "ConsoleBookmarkHidden11nov2023\ConsoleBookmarkHidden11nov2023.csproj", "{D8BC4B0D-92FE-4FF9-BD20-91AEF5091709}"
EndProject
Project("{9A19103F-16F7-4668-BE54-9A1E7A4F7556}") = "ConsoleGeometricFigures11nov2023", "ConsoleGeometricFigures11nov2023\ConsoleGeometricFigures11nov2023.csproj", "{6DFB0204-1E9F-4D42-B144-8898C81374FB}"
EndProject
Project("{9A19103F-16F7-4668-BE54-9A1E7A4F7556}") = "ConsoleZiekenhuis13nov2023", "ConsoleZiekenhuis13nov2023\ConsoleZiekenhuis13nov2023.csproj", "{F650EF2D-1F97-4ABE-A357-186A274D3D9F}"
EndProject
Project("{9A19103F-16F7-4668-BE54-9A1E7A4F7556}") = "ConsolePrijzenForeachAverage14nov2023", "ConsolePrijzenForeachAverage14nov2023\ConsolePrijzenForeachAverage14nov2023.csproj", "{939E80F6-97D9-4868-BC7A-51466683F1DA}"
EndProject
Project("{9A19103F-16F7-4668-BE54-9A1E7A4F7556}") = "ConsoleStringInterpolation14nov2023", "ConsoleStringInterpolation14nov2023\ConsoleStringInterpolation14nov2023.csproj", "{EAAA4171-32B9-43BB-92A9-223DF6B12984}"
EndProject
Project("{9A19103F-16F7-4668-BE54-9A1E7A4F7556}") = "ConsoleSystemProcessors14nov2023", "ConsoleSystemProcessors14nov2023\ConsoleSystemProcessors14nov2023.csproj", "{71D770A6-1533-4603-A389-FCD784282734}"
EndProject
Project("{9A19103F-16F7-4668-BE54-9A1E7A4F7556}") = "ConsoleSystemDrive14nov2023", "ConsoleSystemDrive14nov2023\ConsoleSystemDrive14nov2023.csproj", "{844D58D5-4FE3-4789-B09E-2BA5012BBEEA}"
EndProject
Project("{9A19103F-16F7-4668-BE54-9A1E7A4F7556}") = "ConsoleSpeelkaart16nov2023", "ConsoleSpeelkaart16nov2023\ConsoleSpeelkaart16nov2023.csproj", "{8C65C622-7466-4FFA-91B9-F4A9AD5FD8A7}"
EndProject
Project("{9A19103F-16F7-4668-BE54-9A1E7A4F7556}") = "ConsoleShell16nov2023", "ConsoleShell16nov2023\ConsoleShell16nov2023.csproj", "{584C5118-1290-4986-89E3-614FA27C7472}"
EndProject
Project("{FAE04EC0-301F-11D3-BF4B-00C04F79EFBC}") = "ConsoleTweedeGraadsVergelijking17nov2023", "ConsoleTweedeGraadsVergelijking17nov2023\ConsoleTweedeGraadsVergelijking17nov2023.csproj", "{17A311C4-9111-4A65-B1C9-7D5D2602D90A}"
EndProject
Project("{FAE04EC0-301F-11D3-BF4B-00C04F79EFBC}") = "ConsoleStaticTeller17nov2023", "ConsoleStaticTeller17nov2023\ConsoleStaticTeller17nov2023.csproj", "{56CA2903-FD0A-4B6C-8A0C-EA0222443E64}"
EndProject
Project("{FAE04EC0-301F-11D3-BF4B-00C04F79EFBC}") = "ConsoleSport17nov2023", "ConsoleSport17nov2023\ConsoleSport17nov2023.csproj", "{4D07AB09-CA6D-4B17-82B2-FC6AACC7E1E4}"
EndProject
Project("{FAE04EC0-301F-11D3-BF4B-00C04F79EFBC}") = "ConsoleSportSimulator17nov2023", "ConsoleSportSimulator17nov2023\ConsoleSportSimulator17nov2023.csproj", "{9724F199-7E77-4F0E-8966-8CB08525B119}"
EndProject
Project("{FAE04EC0-301F-11D3-BF4B-00C04F79EFBC}") = "LibraryFrameworkInterpolation17nov2023", "LibraryFrameworkInterpolation17nov2023\LibraryFrameworkInterpolation17nov2023.csproj", "{F088ADD1-245B-4ECB-B853-77ECDA97B817}"
EndProject
Project("{FAE04EC0-301F-11D3-BF4B-00C04F79EFBC}") = "WindowsFormsFrameworkInterpolation17nov2023", "WindowsFormsFrameworkInterpolation17nov2023\WindowsFormsFrameworkInterpolation17nov2023.csproj", "{E2926535-1152-4A70-82AD-99D4583057AF}"
EndProject
Global
	GlobalSection(SolutionConfigurationPlatforms) = preSolution
		Debug|Any CPU = Debug|Any CPU
		Release|Any CPU = Release|Any CPU
	EndGlobalSection
	GlobalSection(ProjectConfigurationPlatforms) = postSolution
		{475679E7-E7CA-4195-ACAD-5AD1223792D4}.Debug|Any CPU.ActiveCfg = Debug|Any CPU
		{475679E7-E7CA-4195-ACAD-5AD1223792D4}.Debug|Any CPU.Build.0 = Debug|Any CPU
		{475679E7-E7CA-4195-ACAD-5AD1223792D4}.Release|Any CPU.ActiveCfg = Release|Any CPU
		{475679E7-E7CA-4195-ACAD-5AD1223792D4}.Release|Any CPU.Build.0 = Release|Any CPU
		{5C34601A-62D8-4793-8F9C-F8832E11ED5E}.Debug|Any CPU.ActiveCfg = Debug|Any CPU
		{5C34601A-62D8-4793-8F9C-F8832E11ED5E}.Debug|Any CPU.Build.0 = Debug|Any CPU
		{5C34601A-62D8-4793-8F9C-F8832E11ED5E}.Release|Any CPU.ActiveCfg = Release|Any CPU
		{5C34601A-62D8-4793-8F9C-F8832E11ED5E}.Release|Any CPU.Build.0 = Release|Any CPU
		{586CEF3D-F6B2-4661-A904-5DF2645FB22D}.Debug|Any CPU.ActiveCfg = Debug|Any CPU
		{586CEF3D-F6B2-4661-A904-5DF2645FB22D}.Debug|Any CPU.Build.0 = Debug|Any CPU
		{586CEF3D-F6B2-4661-A904-5DF2645FB22D}.Release|Any CPU.ActiveCfg = Release|Any CPU
		{586CEF3D-F6B2-4661-A904-5DF2645FB22D}.Release|Any CPU.Build.0 = Release|Any CPU
		{7D2C2233-C066-4A27-9B17-89E82C789FF2}.Debug|Any CPU.ActiveCfg = Debug|Any CPU
		{7D2C2233-C066-4A27-9B17-89E82C789FF2}.Debug|Any CPU.Build.0 = Debug|Any CPU
		{7D2C2233-C066-4A27-9B17-89E82C789FF2}.Release|Any CPU.ActiveCfg = Release|Any CPU
		{7D2C2233-C066-4A27-9B17-89E82C789FF2}.Release|Any CPU.Build.0 = Release|Any CPU
		{D62562E5-DE7D-4E59-BD37-D690772CFF80}.Debug|Any CPU.ActiveCfg = Debug|Any CPU
		{D62562E5-DE7D-4E59-BD37-D690772CFF80}.Debug|Any CPU.Build.0 = Debug|Any CPU
		{D62562E5-DE7D-4E59-BD37-D690772CFF80}.Release|Any CPU.ActiveCfg = Release|Any CPU
		{D62562E5-DE7D-4E59-BD37-D690772CFF80}.Release|Any CPU.Build.0 = Release|Any CPU
		{4DB47A8C-774E-4B0B-B625-9BB1724189D0}.Debug|Any CPU.ActiveCfg = Debug|Any CPU
		{4DB47A8C-774E-4B0B-B625-9BB1724189D0}.Debug|Any CPU.Build.0 = Debug|Any CPU
		{4DB47A8C-774E-4B0B-B625-9BB1724189D0}.Release|Any CPU.ActiveCfg = Release|Any CPU
		{4DB47A8C-774E-4B0B-B625-9BB1724189D0}.Release|Any CPU.Build.0 = Release|Any CPU
		{32D6C6A3-C9C5-4E42-8B9A-B0FF3EBED3D7}.Debug|Any CPU.ActiveCfg = Debug|Any CPU
		{32D6C6A3-C9C5-4E42-8B9A-B0FF3EBED3D7}.Debug|Any CPU.Build.0 = Debug|Any CPU
		{32D6C6A3-C9C5-4E42-8B9A-B0FF3EBED3D7}.Release|Any CPU.ActiveCfg = Release|Any CPU
		{32D6C6A3-C9C5-4E42-8B9A-B0FF3EBED3D7}.Release|Any CPU.Build.0 = Release|Any CPU
		{D8BC4B0D-92FE-4FF9-BD20-91AEF5091709}.Debug|Any CPU.ActiveCfg = Debug|Any CPU
		{D8BC4B0D-92FE-4FF9-BD20-91AEF5091709}.Debug|Any CPU.Build.0 = Debug|Any CPU
		{D8BC4B0D-92FE-4FF9-BD20-91AEF5091709}.Release|Any CPU.ActiveCfg = Release|Any CPU
		{D8BC4B0D-92FE-4FF9-BD20-91AEF5091709}.Release|Any CPU.Build.0 = Release|Any CPU
		{6DFB0204-1E9F-4D42-B144-8898C81374FB}.Debug|Any CPU.ActiveCfg = Debug|Any CPU
		{6DFB0204-1E9F-4D42-B144-8898C81374FB}.Debug|Any CPU.Build.0 = Debug|Any CPU
		{6DFB0204-1E9F-4D42-B144-8898C81374FB}.Release|Any CPU.ActiveCfg = Release|Any CPU
		{6DFB0204-1E9F-4D42-B144-8898C81374FB}.Release|Any CPU.Build.0 = Release|Any CPU
		{F650EF2D-1F97-4ABE-A357-186A274D3D9F}.Debug|Any CPU.ActiveCfg = Debug|Any CPU
		{F650EF2D-1F97-4ABE-A357-186A274D3D9F}.Debug|Any CPU.Build.0 = Debug|Any CPU
		{F650EF2D-1F97-4ABE-A357-186A274D3D9F}.Release|Any CPU.ActiveCfg = Release|Any CPU
		{F650EF2D-1F97-4ABE-A357-186A274D3D9F}.Release|Any CPU.Build.0 = Release|Any CPU
		{939E80F6-97D9-4868-BC7A-51466683F1DA}.Debug|Any CPU.ActiveCfg = Debug|Any CPU
		{939E80F6-97D9-4868-BC7A-51466683F1DA}.Debug|Any CPU.Build.0 = Debug|Any CPU
		{939E80F6-97D9-4868-BC7A-51466683F1DA}.Release|Any CPU.ActiveCfg = Release|Any CPU
		{939E80F6-97D9-4868-BC7A-51466683F1DA}.Release|Any CPU.Build.0 = Release|Any CPU
		{EAAA4171-32B9-43BB-92A9-223DF6B12984}.Debug|Any CPU.ActiveCfg = Debug|Any CPU
		{EAAA4171-32B9-43BB-92A9-223DF6B12984}.Debug|Any CPU.Build.0 = Debug|Any CPU
		{EAAA4171-32B9-43BB-92A9-223DF6B12984}.Release|Any CPU.ActiveCfg = Release|Any CPU
		{EAAA4171-32B9-43BB-92A9-223DF6B12984}.Release|Any CPU.Build.0 = Release|Any CPU
		{71D770A6-1533-4603-A389-FCD784282734}.Debug|Any CPU.ActiveCfg = Debug|Any CPU
		{71D770A6-1533-4603-A389-FCD784282734}.Debug|Any CPU.Build.0 = Debug|Any CPU
		{71D770A6-1533-4603-A389-FCD784282734}.Release|Any CPU.ActiveCfg = Release|Any CPU
		{71D770A6-1533-4603-A389-FCD784282734}.Release|Any CPU.Build.0 = Release|Any CPU
		{844D58D5-4FE3-4789-B09E-2BA5012BBEEA}.Debug|Any CPU.ActiveCfg = Debug|Any CPU
		{844D58D5-4FE3-4789-B09E-2BA5012BBEEA}.Debug|Any CPU.Build.0 = Debug|Any CPU
		{844D58D5-4FE3-4789-B09E-2BA5012BBEEA}.Release|Any CPU.ActiveCfg = Release|Any CPU
		{844D58D5-4FE3-4789-B09E-2BA5012BBEEA}.Release|Any CPU.Build.0 = Release|Any CPU
		{8C65C622-7466-4FFA-91B9-F4A9AD5FD8A7}.Debug|Any CPU.ActiveCfg = Debug|Any CPU
		{8C65C622-7466-4FFA-91B9-F4A9AD5FD8A7}.Debug|Any CPU.Build.0 = Debug|Any CPU
		{8C65C622-7466-4FFA-91B9-F4A9AD5FD8A7}.Release|Any CPU.ActiveCfg = Release|Any CPU
		{8C65C622-7466-4FFA-91B9-F4A9AD5FD8A7}.Release|Any CPU.Build.0 = Release|Any CPU
		{584C5118-1290-4986-89E3-614FA27C7472}.Debug|Any CPU.ActiveCfg = Debug|Any CPU
		{584C5118-1290-4986-89E3-614FA27C7472}.Debug|Any CPU.Build.0 = Debug|Any CPU
		{584C5118-1290-4986-89E3-614FA27C7472}.Release|Any CPU.ActiveCfg = Release|Any CPU
		{584C5118-1290-4986-89E3-614FA27C7472}.Release|Any CPU.Build.0 = Release|Any CPU
		{17A311C4-9111-4A65-B1C9-7D5D2602D90A}.Debug|Any CPU.ActiveCfg = Debug|Any CPU
		{17A311C4-9111-4A65-B1C9-7D5D2602D90A}.Debug|Any CPU.Build.0 = Debug|Any CPU
		{17A311C4-9111-4A65-B1C9-7D5D2602D90A}.Release|Any CPU.ActiveCfg = Release|Any CPU
		{17A311C4-9111-4A65-B1C9-7D5D2602D90A}.Release|Any CPU.Build.0 = Release|Any CPU
		{56CA2903-FD0A-4B6C-8A0C-EA0222443E64}.Debug|Any CPU.ActiveCfg = Debug|Any CPU
		{56CA2903-FD0A-4B6C-8A0C-EA0222443E64}.Debug|Any CPU.Build.0 = Debug|Any CPU
		{56CA2903-FD0A-4B6C-8A0C-EA0222443E64}.Release|Any CPU.ActiveCfg = Release|Any CPU
		{56CA2903-FD0A-4B6C-8A0C-EA0222443E64}.Release|Any CPU.Build.0 = Release|Any CPU
		{4D07AB09-CA6D-4B17-82B2-FC6AACC7E1E4}.Debug|Any CPU.ActiveCfg = Debug|Any CPU
		{4D07AB09-CA6D-4B17-82B2-FC6AACC7E1E4}.Debug|Any CPU.Build.0 = Debug|Any CPU
		{4D07AB09-CA6D-4B17-82B2-FC6AACC7E1E4}.Release|Any CPU.ActiveCfg = Release|Any CPU
		{4D07AB09-CA6D-4B17-82B2-FC6AACC7E1E4}.Release|Any CPU.Build.0 = Release|Any CPU
		{9724F199-7E77-4F0E-8966-8CB08525B119}.Debug|Any CPU.ActiveCfg = Debug|Any CPU
		{9724F199-7E77-4F0E-8966-8CB08525B119}.Debug|Any CPU.Build.0 = Debug|Any CPU
		{9724F199-7E77-4F0E-8966-8CB08525B119}.Release|Any CPU.ActiveCfg = Release|Any CPU
		{9724F199-7E77-4F0E-8966-8CB08525B119}.Release|Any CPU.Build.0 = Release|Any CPU
		{F088ADD1-245B-4ECB-B853-77ECDA97B817}.Debug|Any CPU.ActiveCfg = Debug|Any CPU
		{F088ADD1-245B-4ECB-B853-77ECDA97B817}.Debug|Any CPU.Build.0 = Debug|Any CPU
		{F088ADD1-245B-4ECB-B853-77ECDA97B817}.Release|Any CPU.ActiveCfg = Release|Any CPU
		{F088ADD1-245B-4ECB-B853-77ECDA97B817}.Release|Any CPU.Build.0 = Release|Any CPU
		{E2926535-1152-4A70-82AD-99D4583057AF}.Debug|Any CPU.ActiveCfg = Debug|Any CPU
		{E2926535-1152-4A70-82AD-99D4583057AF}.Debug|Any CPU.Build.0 = Debug|Any CPU
		{E2926535-1152-4A70-82AD-99D4583057AF}.Release|Any CPU.ActiveCfg = Release|Any CPU
		{E2926535-1152-4A70-82AD-99D4583057AF}.Release|Any CPU.Build.0 = Release|Any CPU
	EndGlobalSection
	GlobalSection(SolutionProperties) = preSolution
		HideSolutionNode = FALSE
	EndGlobalSection
	GlobalSection(ExtensibilityGlobals) = postSolution
		SolutionGuid = {4A09AC9F-39BC-45CF-92FC-5BB5776DC6CD}
	EndGlobalSection
EndGlobal
